
Microsoft Visual Studio Solution File, Format Version 12.00
# Visual Studio Version 17
VisualStudioVersion = 17.4.33110.190
MinimumVisualStudioVersion = 10.0.40219.1
Project("{FAE04EC0-301F-11D3-BF4B-00C04F79EFBC}") = "CodeCreation", "CodeCreation.csproj", "{5C37C68E-6C0D-485F-AFF2-E00E53F6A971}"
EndProject
Global
	GlobalSection(SolutionConfigurationPlatforms) = preSolution
		Debug|Any CPU = Debug|Any CPU
		Release|Any CPU = Release|Any CPU
	EndGlobalSection
	GlobalSection(ProjectConfigurationPlatforms) = postSolution
		{5C37C68E-6C0D-485F-AFF2-E00E53F6A971}.Debug|Any CPU.ActiveCfg = Debug|Any CPU
		{5C37C68E-6C0D-485F-AFF2-E00E53F6A971}.Debug|Any CPU.Build.0 = Debug|Any CPU
		{5C37C68E-6C0D-485F-AFF2-E00E53F6A971}.Release|Any CPU.ActiveCfg = Release|Any CPU
		{5C37C68E-6C0D-485F-AFF2-E00E53F6A971}.Release|Any CPU.Build.0 = Release|Any CPU
	EndGlobalSection
	GlobalSection(SolutionProperties) = preSolution
		HideSolutionNode = FALSE
	EndGlobalSection
	GlobalSection(ExtensibilityGlobals) = postSolution
		SolutionGuid = {101FF25B-C53D-4808-92BE-47C406594640}
	EndGlobalSection
EndGlobal
