
Microsoft Visual Studio Solution File, Format Version 12.00
# Visual Studio Version 17
VisualStudioVersion = 17.4.33110.190
MinimumVisualStudioVersion = 10.0.40219.1
Project("{FAE04EC0-301F-11D3-BF4B-00C04F79EFBC}") = "Bank", "Bank.csproj", "{9C404DC5-A6C3-4214-83E3-3C7B41CF16DE}"
EndProject
Global
	GlobalSection(SolutionConfigurationPlatforms) = preSolution
		Debug|Any CPU = Debug|Any CPU
		Release|Any CPU = Release|Any CPU
	EndGlobalSection
	GlobalSection(ProjectConfigurationPlatforms) = postSolution
		{9C404DC5-A6C3-4214-83E3-3C7B41CF16DE}.Debug|Any CPU.ActiveCfg = Debug|Any CPU
		{9C404DC5-A6C3-4214-83E3-3C7B41CF16DE}.Debug|Any CPU.Build.0 = Debug|Any CPU
		{9C404DC5-A6C3-4214-83E3-3C7B41CF16DE}.Release|Any CPU.ActiveCfg = Release|Any CPU
		{9C404DC5-A6C3-4214-83E3-3C7B41CF16DE}.Release|Any CPU.Build.0 = Release|Any CPU
	EndGlobalSection
	GlobalSection(SolutionProperties) = preSolution
		HideSolutionNode = FALSE
	EndGlobalSection
	GlobalSection(ExtensibilityGlobals) = postSolution
		SolutionGuid = {F86C9C7B-9375-4AE7-87D5-2EE25898776A}
	EndGlobalSection
EndGlobal
